
Microsoft Visual Studio Solution File, Format Version 12.00
# Visual Studio Version 16
VisualStudioVersion = 16.0.30914.41
MinimumVisualStudioVersion = 10.0.40219.1
Project("{FAE04EC0-301F-11D3-BF4B-00C04F79EFBC}") = "Question01_Generic_Method", "Question01_Generic_Method\Question01_Generic_Method.csproj", "{59D1119C-2EF7-4BE9-B62B-21959FEE9DD8}"
EndProject
Project("{FAE04EC0-301F-11D3-BF4B-00C04F79EFBC}") = "Question02_ Extension_Method", "Question02_ Extension_Method\Question02_ Extension_Method.csproj", "{6A7B16F9-FCC6-4516-8A9D-16C887D51606}"
EndProject
Global
	GlobalSection(SolutionConfigurationPlatforms) = preSolution
		Debug|Any CPU = Debug|Any CPU
		Release|Any CPU = Release|Any CPU
	EndGlobalSection
	GlobalSection(ProjectConfigurationPlatforms) = postSolution
		{59D1119C-2EF7-4BE9-B62B-21959FEE9DD8}.Debug|Any CPU.ActiveCfg = Debug|Any CPU
		{59D1119C-2EF7-4BE9-B62B-21959FEE9DD8}.Debug|Any CPU.Build.0 = Debug|Any CPU
		{59D1119C-2EF7-4BE9-B62B-21959FEE9DD8}.Release|Any CPU.ActiveCfg = Release|Any CPU
		{59D1119C-2EF7-4BE9-B62B-21959FEE9DD8}.Release|Any CPU.Build.0 = Release|Any CPU
		{6A7B16F9-FCC6-4516-8A9D-16C887D51606}.Debug|Any CPU.ActiveCfg = Debug|Any CPU
		{6A7B16F9-FCC6-4516-8A9D-16C887D51606}.Debug|Any CPU.Build.0 = Debug|Any CPU
		{6A7B16F9-FCC6-4516-8A9D-16C887D51606}.Release|Any CPU.ActiveCfg = Release|Any CPU
		{6A7B16F9-FCC6-4516-8A9D-16C887D51606}.Release|Any CPU.Build.0 = Release|Any CPU
	EndGlobalSection
	GlobalSection(SolutionProperties) = preSolution
		HideSolutionNode = FALSE
	EndGlobalSection
	GlobalSection(ExtensibilityGlobals) = postSolution
		SolutionGuid = {8A2E482F-229F-486D-A1F9-E6DA4CC21218}
	EndGlobalSection
EndGlobal
